
Microsoft Visual Studio Solution File, Format Version 12.00
# Visual Studio 15
VisualStudioVersion = 15.0.27130.0
MinimumVisualStudioVersion = 10.0.40219.1
Project("{9A19103F-16F7-4668-BE54-9A1E7A4F7556}") = "Rabbit.Extensions.Configuration", "src\Configuration\Rabbit.Extensions.Configuration\Rabbit.Extensions.Configuration.csproj", "{6934D8D2-6993-4E8C-A118-8EDAFC8C6709}"
EndProject
Project("{9A19103F-16F7-4668-BE54-9A1E7A4F7556}") = "Rabbit.Extensions.Configuration.Consul", "src\Configuration\Rabbit.Extensions.Configuration.Consul\Rabbit.Extensions.Configuration.Consul.csproj", "{81DB7700-4A63-45CB-8FC3-AD444689138B}"
EndProject
Project("{2150E333-8FDC-42A3-9474-1A3956D46DE8}") = "src", "src", "{D4FCD154-5BBF-4996-AD71-CE87C5698F7E}"
EndProject
Project("{2150E333-8FDC-42A3-9474-1A3956D46DE8}") = "test", "test", "{0FDEAFEB-7926-4A63-BC38-F6BC223CBADD}"
EndProject
Project("{2150E333-8FDC-42A3-9474-1A3956D46DE8}") = "Solution Items", "Solution Items", "{9147F8C9-9957-42CB-B854-C2E1010E7DFE}"
	ProjectSection(SolutionItems) = preProject
		build\common.props = build\common.props
		build\version.props = build\version.props
	EndProjectSection
EndProject
Project("{2150E333-8FDC-42A3-9474-1A3956D46DE8}") = "Configuration", "Configuration", "{765A2DE5-FC74-43A4-9A6D-3FC7BA467C2F}"
EndProject
Project("{2150E333-8FDC-42A3-9474-1A3956D46DE8}") = "Configuration", "Configuration", "{AAC81674-3B5C-4041-ABD0-2F37BCE69089}"
EndProject
Project("{9A19103F-16F7-4668-BE54-9A1E7A4F7556}") = "Rabbit.Extensions.Configuration.Test", "test\Configuration\Rabbit.Extensions.Configuration.Test\Rabbit.Extensions.Configuration.Test.csproj", "{A023902F-6BEF-4DB9-A389-2CA4FB209F12}"
EndProject
Project("{2150E333-8FDC-42A3-9474-1A3956D46DE8}") = "samples", "samples", "{76380790-B349-4C9F-868B-39F81582A114}"
EndProject
Project("{9A19103F-16F7-4668-BE54-9A1E7A4F7556}") = "ConsoleApp", "samples\ConsoleApp\ConsoleApp.csproj", "{89D4DDA4-5A85-4EC8-9D11-BBE20C9523C0}"
EndProject
Project("{9A19103F-16F7-4668-BE54-9A1E7A4F7556}") = "Rabbit.Extensions.DependencyInjection", "src\Rabbit.Extensions.DependencyInjection\Rabbit.Extensions.DependencyInjection.csproj", "{3E5858AD-00F8-4AB6-ADFA-7EB55BFEA695}"
EndProject
Project("{9A19103F-16F7-4668-BE54-9A1E7A4F7556}") = "Rabbit.Extensions.DependencyInjection.Test", "test\Rabbit.Extensions.DependencyInjection.Test\Rabbit.Extensions.DependencyInjection.Test.csproj", "{9E225D0C-5B7E-4FEA-8A07-D3B4FDB1BD8D}"
EndProject
Project("{9A19103F-16F7-4668-BE54-9A1E7A4F7556}") = "Rabbit.Extensions.Boot", "src\Rabbit.Extensions.Boot\Rabbit.Extensions.Boot.csproj", "{A02F6865-8AFA-4493-9DA8-63A257274601}"
EndProject
Global
	GlobalSection(SolutionConfigurationPlatforms) = preSolution
		Debug|Any CPU = Debug|Any CPU
		Release|Any CPU = Release|Any CPU
	EndGlobalSection
	GlobalSection(ProjectConfigurationPlatforms) = postSolution
		{6934D8D2-6993-4E8C-A118-8EDAFC8C6709}.Debug|Any CPU.ActiveCfg = Debug|Any CPU
		{6934D8D2-6993-4E8C-A118-8EDAFC8C6709}.Debug|Any CPU.Build.0 = Debug|Any CPU
		{6934D8D2-6993-4E8C-A118-8EDAFC8C6709}.Release|Any CPU.ActiveCfg = Release|Any CPU
		{6934D8D2-6993-4E8C-A118-8EDAFC8C6709}.Release|Any CPU.Build.0 = Release|Any CPU
		{81DB7700-4A63-45CB-8FC3-AD444689138B}.Debug|Any CPU.ActiveCfg = Debug|Any CPU
		{81DB7700-4A63-45CB-8FC3-AD444689138B}.Debug|Any CPU.Build.0 = Debug|Any CPU
		{81DB7700-4A63-45CB-8FC3-AD444689138B}.Release|Any CPU.ActiveCfg = Release|Any CPU
		{81DB7700-4A63-45CB-8FC3-AD444689138B}.Release|Any CPU.Build.0 = Release|Any CPU
		{A023902F-6BEF-4DB9-A389-2CA4FB209F12}.Debug|Any CPU.ActiveCfg = Debug|Any CPU
		{A023902F-6BEF-4DB9-A389-2CA4FB209F12}.Debug|Any CPU.Build.0 = Debug|Any CPU
		{A023902F-6BEF-4DB9-A389-2CA4FB209F12}.Release|Any CPU.ActiveCfg = Release|Any CPU
		{A023902F-6BEF-4DB9-A389-2CA4FB209F12}.Release|Any CPU.Build.0 = Release|Any CPU
		{89D4DDA4-5A85-4EC8-9D11-BBE20C9523C0}.Debug|Any CPU.ActiveCfg = Debug|Any CPU
		{89D4DDA4-5A85-4EC8-9D11-BBE20C9523C0}.Debug|Any CPU.Build.0 = Debug|Any CPU
		{89D4DDA4-5A85-4EC8-9D11-BBE20C9523C0}.Release|Any CPU.ActiveCfg = Release|Any CPU
		{89D4DDA4-5A85-4EC8-9D11-BBE20C9523C0}.Release|Any CPU.Build.0 = Release|Any CPU
		{3E5858AD-00F8-4AB6-ADFA-7EB55BFEA695}.Debug|Any CPU.ActiveCfg = Debug|Any CPU
		{3E5858AD-00F8-4AB6-ADFA-7EB55BFEA695}.Debug|Any CPU.Build.0 = Debug|Any CPU
		{3E5858AD-00F8-4AB6-ADFA-7EB55BFEA695}.Release|Any CPU.ActiveCfg = Release|Any CPU
		{3E5858AD-00F8-4AB6-ADFA-7EB55BFEA695}.Release|Any CPU.Build.0 = Release|Any CPU
		{9E225D0C-5B7E-4FEA-8A07-D3B4FDB1BD8D}.Debug|Any CPU.ActiveCfg = Debug|Any CPU
		{9E225D0C-5B7E-4FEA-8A07-D3B4FDB1BD8D}.Debug|Any CPU.Build.0 = Debug|Any CPU
		{9E225D0C-5B7E-4FEA-8A07-D3B4FDB1BD8D}.Release|Any CPU.ActiveCfg = Release|Any CPU
		{9E225D0C-5B7E-4FEA-8A07-D3B4FDB1BD8D}.Release|Any CPU.Build.0 = Release|Any CPU
		{A02F6865-8AFA-4493-9DA8-63A257274601}.Debug|Any CPU.ActiveCfg = Debug|Any CPU
		{A02F6865-8AFA-4493-9DA8-63A257274601}.Debug|Any CPU.Build.0 = Debug|Any CPU
		{A02F6865-8AFA-4493-9DA8-63A257274601}.Release|Any CPU.ActiveCfg = Release|Any CPU
		{A02F6865-8AFA-4493-9DA8-63A257274601}.Release|Any CPU.Build.0 = Release|Any CPU
		{3ADD4E05-2792-4392-A927-5F1C3D4011B2}.Debug|Any CPU.ActiveCfg = Debug|Any CPU
		{3ADD4E05-2792-4392-A927-5F1C3D4011B2}.Debug|Any CPU.Build.0 = Debug|Any CPU
		{3ADD4E05-2792-4392-A927-5F1C3D4011B2}.Release|Any CPU.ActiveCfg = Release|Any CPU
		{3ADD4E05-2792-4392-A927-5F1C3D4011B2}.Release|Any CPU.Build.0 = Release|Any CPU
	EndGlobalSection
	GlobalSection(SolutionProperties) = preSolution
		HideSolutionNode = FALSE
	EndGlobalSection
	GlobalSection(NestedProjects) = preSolution
		{6934D8D2-6993-4E8C-A118-8EDAFC8C6709} = {765A2DE5-FC74-43A4-9A6D-3FC7BA467C2F}
		{81DB7700-4A63-45CB-8FC3-AD444689138B} = {765A2DE5-FC74-43A4-9A6D-3FC7BA467C2F}
		{765A2DE5-FC74-43A4-9A6D-3FC7BA467C2F} = {D4FCD154-5BBF-4996-AD71-CE87C5698F7E}
		{AAC81674-3B5C-4041-ABD0-2F37BCE69089} = {0FDEAFEB-7926-4A63-BC38-F6BC223CBADD}
		{A023902F-6BEF-4DB9-A389-2CA4FB209F12} = {AAC81674-3B5C-4041-ABD0-2F37BCE69089}
		{89D4DDA4-5A85-4EC8-9D11-BBE20C9523C0} = {76380790-B349-4C9F-868B-39F81582A114}
		{3E5858AD-00F8-4AB6-ADFA-7EB55BFEA695} = {D4FCD154-5BBF-4996-AD71-CE87C5698F7E}
		{9E225D0C-5B7E-4FEA-8A07-D3B4FDB1BD8D} = {0FDEAFEB-7926-4A63-BC38-F6BC223CBADD}
		{A02F6865-8AFA-4493-9DA8-63A257274601} = {D4FCD154-5BBF-4996-AD71-CE87C5698F7E}
		{3ADD4E05-2792-4392-A927-5F1C3D4011B2} = {D4FCD154-5BBF-4996-AD71-CE87C5698F7E}
	EndGlobalSection
	GlobalSection(ExtensibilityGlobals) = postSolution
		SolutionGuid = {7F196E64-EAAA-41FC-8420-C6112B2060AF}
	EndGlobalSection
EndGlobal
